
Microsoft Visual Studio Solution File, Format Version 12.00
# Visual Studio Version 17
VisualStudioVersion = 17.10.35013.160
MinimumVisualStudioVersion = 10.0.40219.1
Project("{9A19103F-16F7-4668-BE54-9A1E7A4F7556}") = "ORION.DataAccess", "ORION.DataAccess\ORION.DataAccess.csproj", "{8007E64B-CDA7-4C78-B903-436CF6F62995}"
EndProject
Project("{9A19103F-16F7-4668-BE54-9A1E7A4F7556}") = "ORION.Domain", "ORION.Domain\ORION.Domain.csproj", "{009793DA-F4B9-4217-91EC-3FB1AB971697}"
EndProject
Project("{9A19103F-16F7-4668-BE54-9A1E7A4F7556}") = "ORION.Map", "ORION.Map\ORION.Map.csproj", "{10FEAB8B-DFAB-4F4D-97AC-10DCFCC4F89B}"
EndProject
Project("{9A19103F-16F7-4668-BE54-9A1E7A4F7556}") = "ORION.Admin", "ORION.Admin\ORION.Admin.csproj", "{F9ABABF4-6C67-4F19-9713-E05F782E731E}"
EndProject
Project("{9A19103F-16F7-4668-BE54-9A1E7A4F7556}") = "ORION.WebAPI", "ORION.WebAPI\ORION.WebAPI.csproj", "{BBD752EF-2E0C-46D0-8543-B8EF86E2618C}"
EndProject
Project("{9A19103F-16F7-4668-BE54-9A1E7A4F7556}") = "ORION.Core", "ORION.Core\ORION.Core.csproj", "{08015DD1-EA88-4206-9291-ED52EFFEF78D}"
EndProject
Project("{9A19103F-16F7-4668-BE54-9A1E7A4F7556}") = "ORION.Core.Tests", "ORION.Core.Tests\ORION.Core.Tests.csproj", "{C1C26E29-8CE2-479B-B2B9-65212A1B1CC3}"
EndProject
Project("{9A19103F-16F7-4668-BE54-9A1E7A4F7556}") = "ORION.HumanResources", "ORION.HumanResources\ORION.HumanResources.csproj", "{65984E78-1B8F-422A-A46C-2C33F656E738}"
EndProject
Project("{9A19103F-16F7-4668-BE54-9A1E7A4F7556}") = "ORION.HumanResources.Test", "ORION.HumanResources.Test\ORION.HumanResources.Test.csproj", "{EFF3AA19-4F79-4121-9AD1-5DCCAD41F3C0}"
EndProject
Global
	GlobalSection(SolutionConfigurationPlatforms) = preSolution
		Debug|Any CPU = Debug|Any CPU
		Debug|x64 = Debug|x64
		Debug|x86 = Debug|x86
		Release|Any CPU = Release|Any CPU
		Release|x64 = Release|x64
		Release|x86 = Release|x86
	EndGlobalSection
	GlobalSection(ProjectConfigurationPlatforms) = postSolution
		{8007E64B-CDA7-4C78-B903-436CF6F62995}.Debug|Any CPU.ActiveCfg = Debug|Any CPU
		{8007E64B-CDA7-4C78-B903-436CF6F62995}.Debug|Any CPU.Build.0 = Debug|Any CPU
		{8007E64B-CDA7-4C78-B903-436CF6F62995}.Debug|x64.ActiveCfg = Debug|Any CPU
		{8007E64B-CDA7-4C78-B903-436CF6F62995}.Debug|x64.Build.0 = Debug|Any CPU
		{8007E64B-CDA7-4C78-B903-436CF6F62995}.Debug|x86.ActiveCfg = Debug|Any CPU
		{8007E64B-CDA7-4C78-B903-436CF6F62995}.Debug|x86.Build.0 = Debug|Any CPU
		{8007E64B-CDA7-4C78-B903-436CF6F62995}.Release|Any CPU.ActiveCfg = Release|Any CPU
		{8007E64B-CDA7-4C78-B903-436CF6F62995}.Release|Any CPU.Build.0 = Release|Any CPU
		{8007E64B-CDA7-4C78-B903-436CF6F62995}.Release|x64.ActiveCfg = Release|Any CPU
		{8007E64B-CDA7-4C78-B903-436CF6F62995}.Release|x64.Build.0 = Release|Any CPU
		{8007E64B-CDA7-4C78-B903-436CF6F62995}.Release|x86.ActiveCfg = Release|Any CPU
		{8007E64B-CDA7-4C78-B903-436CF6F62995}.Release|x86.Build.0 = Release|Any CPU
		{009793DA-F4B9-4217-91EC-3FB1AB971697}.Debug|Any CPU.ActiveCfg = Debug|Any CPU
		{009793DA-F4B9-4217-91EC-3FB1AB971697}.Debug|Any CPU.Build.0 = Debug|Any CPU
		{009793DA-F4B9-4217-91EC-3FB1AB971697}.Debug|x64.ActiveCfg = Debug|Any CPU
		{009793DA-F4B9-4217-91EC-3FB1AB971697}.Debug|x64.Build.0 = Debug|Any CPU
		{009793DA-F4B9-4217-91EC-3FB1AB971697}.Debug|x86.ActiveCfg = Debug|Any CPU
		{009793DA-F4B9-4217-91EC-3FB1AB971697}.Debug|x86.Build.0 = Debug|Any CPU
		{009793DA-F4B9-4217-91EC-3FB1AB971697}.Release|Any CPU.ActiveCfg = Release|Any CPU
		{009793DA-F4B9-4217-91EC-3FB1AB971697}.Release|Any CPU.Build.0 = Release|Any CPU
		{009793DA-F4B9-4217-91EC-3FB1AB971697}.Release|x64.ActiveCfg = Release|Any CPU
		{009793DA-F4B9-4217-91EC-3FB1AB971697}.Release|x64.Build.0 = Release|Any CPU
		{009793DA-F4B9-4217-91EC-3FB1AB971697}.Release|x86.ActiveCfg = Release|Any CPU
		{009793DA-F4B9-4217-91EC-3FB1AB971697}.Release|x86.Build.0 = Release|Any CPU
		{10FEAB8B-DFAB-4F4D-97AC-10DCFCC4F89B}.Debug|Any CPU.ActiveCfg = Debug|Any CPU
		{10FEAB8B-DFAB-4F4D-97AC-10DCFCC4F89B}.Debug|Any CPU.Build.0 = Debug|Any CPU
		{10FEAB8B-DFAB-4F4D-97AC-10DCFCC4F89B}.Debug|x64.ActiveCfg = Debug|Any CPU
		{10FEAB8B-DFAB-4F4D-97AC-10DCFCC4F89B}.Debug|x64.Build.0 = Debug|Any CPU
		{10FEAB8B-DFAB-4F4D-97AC-10DCFCC4F89B}.Debug|x86.ActiveCfg = Debug|Any CPU
		{10FEAB8B-DFAB-4F4D-97AC-10DCFCC4F89B}.Debug|x86.Build.0 = Debug|Any CPU
		{10FEAB8B-DFAB-4F4D-97AC-10DCFCC4F89B}.Release|Any CPU.ActiveCfg = Release|Any CPU
		{10FEAB8B-DFAB-4F4D-97AC-10DCFCC4F89B}.Release|Any CPU.Build.0 = Release|Any CPU
		{10FEAB8B-DFAB-4F4D-97AC-10DCFCC4F89B}.Release|x64.ActiveCfg = Release|Any CPU
		{10FEAB8B-DFAB-4F4D-97AC-10DCFCC4F89B}.Release|x64.Build.0 = Release|Any CPU
		{10FEAB8B-DFAB-4F4D-97AC-10DCFCC4F89B}.Release|x86.ActiveCfg = Release|Any CPU
		{10FEAB8B-DFAB-4F4D-97AC-10DCFCC4F89B}.Release|x86.Build.0 = Release|Any CPU
		{F9ABABF4-6C67-4F19-9713-E05F782E731E}.Debug|Any CPU.ActiveCfg = Debug|Any CPU
		{F9ABABF4-6C67-4F19-9713-E05F782E731E}.Debug|Any CPU.Build.0 = Debug|Any CPU
		{F9ABABF4-6C67-4F19-9713-E05F782E731E}.Debug|x64.ActiveCfg = Debug|Any CPU
		{F9ABABF4-6C67-4F19-9713-E05F782E731E}.Debug|x64.Build.0 = Debug|Any CPU
		{F9ABABF4-6C67-4F19-9713-E05F782E731E}.Debug|x86.ActiveCfg = Debug|Any CPU
		{F9ABABF4-6C67-4F19-9713-E05F782E731E}.Debug|x86.Build.0 = Debug|Any CPU
		{F9ABABF4-6C67-4F19-9713-E05F782E731E}.Release|Any CPU.ActiveCfg = Release|Any CPU
		{F9ABABF4-6C67-4F19-9713-E05F782E731E}.Release|Any CPU.Build.0 = Release|Any CPU
		{F9ABABF4-6C67-4F19-9713-E05F782E731E}.Release|x64.ActiveCfg = Release|Any CPU
		{F9ABABF4-6C67-4F19-9713-E05F782E731E}.Release|x64.Build.0 = Release|Any CPU
		{F9ABABF4-6C67-4F19-9713-E05F782E731E}.Release|x86.ActiveCfg = Release|Any CPU
		{F9ABABF4-6C67-4F19-9713-E05F782E731E}.Release|x86.Build.0 = Release|Any CPU
		{BBD752EF-2E0C-46D0-8543-B8EF86E2618C}.Debug|Any CPU.ActiveCfg = Debug|Any CPU
		{BBD752EF-2E0C-46D0-8543-B8EF86E2618C}.Debug|Any CPU.Build.0 = Debug|Any CPU
		{BBD752EF-2E0C-46D0-8543-B8EF86E2618C}.Debug|x64.ActiveCfg = Debug|Any CPU
		{BBD752EF-2E0C-46D0-8543-B8EF86E2618C}.Debug|x64.Build.0 = Debug|Any CPU
		{BBD752EF-2E0C-46D0-8543-B8EF86E2618C}.Debug|x86.ActiveCfg = Debug|Any CPU
		{BBD752EF-2E0C-46D0-8543-B8EF86E2618C}.Debug|x86.Build.0 = Debug|Any CPU
		{BBD752EF-2E0C-46D0-8543-B8EF86E2618C}.Release|Any CPU.ActiveCfg = Release|Any CPU
		{BBD752EF-2E0C-46D0-8543-B8EF86E2618C}.Release|Any CPU.Build.0 = Release|Any CPU
		{BBD752EF-2E0C-46D0-8543-B8EF86E2618C}.Release|x64.ActiveCfg = Release|Any CPU
		{BBD752EF-2E0C-46D0-8543-B8EF86E2618C}.Release|x64.Build.0 = Release|Any CPU
		{BBD752EF-2E0C-46D0-8543-B8EF86E2618C}.Release|x86.ActiveCfg = Release|Any CPU
		{BBD752EF-2E0C-46D0-8543-B8EF86E2618C}.Release|x86.Build.0 = Release|Any CPU
		{08015DD1-EA88-4206-9291-ED52EFFEF78D}.Debug|Any CPU.ActiveCfg = Debug|Any CPU
		{08015DD1-EA88-4206-9291-ED52EFFEF78D}.Debug|Any CPU.Build.0 = Debug|Any CPU
		{08015DD1-EA88-4206-9291-ED52EFFEF78D}.Debug|x64.ActiveCfg = Debug|Any CPU
		{08015DD1-EA88-4206-9291-ED52EFFEF78D}.Debug|x64.Build.0 = Debug|Any CPU
		{08015DD1-EA88-4206-9291-ED52EFFEF78D}.Debug|x86.ActiveCfg = Debug|Any CPU
		{08015DD1-EA88-4206-9291-ED52EFFEF78D}.Debug|x86.Build.0 = Debug|Any CPU
		{08015DD1-EA88-4206-9291-ED52EFFEF78D}.Release|Any CPU.ActiveCfg = Release|Any CPU
		{08015DD1-EA88-4206-9291-ED52EFFEF78D}.Release|Any CPU.Build.0 = Release|Any CPU
		{08015DD1-EA88-4206-9291-ED52EFFEF78D}.Release|x64.ActiveCfg = Release|Any CPU
		{08015DD1-EA88-4206-9291-ED52EFFEF78D}.Release|x64.Build.0 = Release|Any CPU
		{08015DD1-EA88-4206-9291-ED52EFFEF78D}.Release|x86.ActiveCfg = Release|Any CPU
		{08015DD1-EA88-4206-9291-ED52EFFEF78D}.Release|x86.Build.0 = Release|Any CPU
		{C1C26E29-8CE2-479B-B2B9-65212A1B1CC3}.Debug|Any CPU.ActiveCfg = Debug|Any CPU
		{C1C26E29-8CE2-479B-B2B9-65212A1B1CC3}.Debug|Any CPU.Build.0 = Debug|Any CPU
		{C1C26E29-8CE2-479B-B2B9-65212A1B1CC3}.Debug|x64.ActiveCfg = Debug|Any CPU
		{C1C26E29-8CE2-479B-B2B9-65212A1B1CC3}.Debug|x64.Build.0 = Debug|Any CPU
		{C1C26E29-8CE2-479B-B2B9-65212A1B1CC3}.Debug|x86.ActiveCfg = Debug|Any CPU
		{C1C26E29-8CE2-479B-B2B9-65212A1B1CC3}.Debug|x86.Build.0 = Debug|Any CPU
		{C1C26E29-8CE2-479B-B2B9-65212A1B1CC3}.Release|Any CPU.ActiveCfg = Release|Any CPU
		{C1C26E29-8CE2-479B-B2B9-65212A1B1CC3}.Release|Any CPU.Build.0 = Release|Any CPU
		{C1C26E29-8CE2-479B-B2B9-65212A1B1CC3}.Release|x64.ActiveCfg = Release|Any CPU
		{C1C26E29-8CE2-479B-B2B9-65212A1B1CC3}.Release|x64.Build.0 = Release|Any CPU
		{C1C26E29-8CE2-479B-B2B9-65212A1B1CC3}.Release|x86.ActiveCfg = Release|Any CPU
		{C1C26E29-8CE2-479B-B2B9-65212A1B1CC3}.Release|x86.Build.0 = Release|Any CPU
		{65984E78-1B8F-422A-A46C-2C33F656E738}.Debug|Any CPU.ActiveCfg = Debug|Any CPU
		{65984E78-1B8F-422A-A46C-2C33F656E738}.Debug|Any CPU.Build.0 = Debug|Any CPU
		{65984E78-1B8F-422A-A46C-2C33F656E738}.Debug|x64.ActiveCfg = Debug|Any CPU
		{65984E78-1B8F-422A-A46C-2C33F656E738}.Debug|x64.Build.0 = Debug|Any CPU
		{65984E78-1B8F-422A-A46C-2C33F656E738}.Debug|x86.ActiveCfg = Debug|Any CPU
		{65984E78-1B8F-422A-A46C-2C33F656E738}.Debug|x86.Build.0 = Debug|Any CPU
		{65984E78-1B8F-422A-A46C-2C33F656E738}.Release|Any CPU.ActiveCfg = Release|Any CPU
		{65984E78-1B8F-422A-A46C-2C33F656E738}.Release|Any CPU.Build.0 = Release|Any CPU
		{65984E78-1B8F-422A-A46C-2C33F656E738}.Release|x64.ActiveCfg = Release|Any CPU
		{65984E78-1B8F-422A-A46C-2C33F656E738}.Release|x64.Build.0 = Release|Any CPU
		{65984E78-1B8F-422A-A46C-2C33F656E738}.Release|x86.ActiveCfg = Release|Any CPU
		{65984E78-1B8F-422A-A46C-2C33F656E738}.Release|x86.Build.0 = Release|Any CPU
		{EFF3AA19-4F79-4121-9AD1-5DCCAD41F3C0}.Debug|Any CPU.ActiveCfg = Debug|Any CPU
		{EFF3AA19-4F79-4121-9AD1-5DCCAD41F3C0}.Debug|Any CPU.Build.0 = Debug|Any CPU
		{EFF3AA19-4F79-4121-9AD1-5DCCAD41F3C0}.Debug|x64.ActiveCfg = Debug|Any CPU
		{EFF3AA19-4F79-4121-9AD1-5DCCAD41F3C0}.Debug|x64.Build.0 = Debug|Any CPU
		{EFF3AA19-4F79-4121-9AD1-5DCCAD41F3C0}.Debug|x86.ActiveCfg = Debug|Any CPU
		{EFF3AA19-4F79-4121-9AD1-5DCCAD41F3C0}.Debug|x86.Build.0 = Debug|Any CPU
		{EFF3AA19-4F79-4121-9AD1-5DCCAD41F3C0}.Release|Any CPU.ActiveCfg = Release|Any CPU
		{EFF3AA19-4F79-4121-9AD1-5DCCAD41F3C0}.Release|Any CPU.Build.0 = Release|Any CPU
		{EFF3AA19-4F79-4121-9AD1-5DCCAD41F3C0}.Release|x64.ActiveCfg = Release|Any CPU
		{EFF3AA19-4F79-4121-9AD1-5DCCAD41F3C0}.Release|x64.Build.0 = Release|Any CPU
		{EFF3AA19-4F79-4121-9AD1-5DCCAD41F3C0}.Release|x86.ActiveCfg = Release|Any CPU
		{EFF3AA19-4F79-4121-9AD1-5DCCAD41F3C0}.Release|x86.Build.0 = Release|Any CPU
	EndGlobalSection
	GlobalSection(SolutionProperties) = preSolution
		HideSolutionNode = FALSE
	EndGlobalSection
	GlobalSection(ExtensibilityGlobals) = postSolution
		SolutionGuid = {8530BF6A-7284-4ADE-BC0F-9F312881E80B}
	EndGlobalSection
EndGlobal
